{
  "lockfileVersion": 1,
  "configVersion": 1,
  "workspaces": {
    "": {
      "name": "simgolf-web",
      "dependencies": {
        "phaser": "^4.0.0",
        "zustand": "^5.0.12",
      },
      "devDependencies": {
        "typescript": "^6.0.2",
      },
    },
  },
  "packages": {
    "eventemitter3": ["eventemitter3@5.0.4", "", {}, "sha512-mlsTRyGaPBjPedk6Bvw+aqbsXDtoAyAzm5MO7JgU+yVRyMQ5O8bD4Kcci7BS85f93veegeCPkL8R4GLClnjLFw=="],

    "phaser": ["phaser@4.1.0", "", { "dependencies": { "eventemitter3": "^5.0.4" } }, "sha512-ZXv5Bhyg2BqJGAAxNI2xvmzGXW9q+TwUG1RLri5ZDBYGGtcma6aWUO/eJ7EbozeqRd5fKdpo4ycNMQt+Bi5iYg=="],

    "typescript": ["typescript@6.0.3", "", { "bin": { "tsc": "bin/tsc", "tsserver": "bin/tsserver" } }, "sha512-y2TvuxSZPDyQakkFRPZHKFm+KKVqIisdg9/CZwm9ftvKXLP8NRWj38/ODjNbr43SsoXqNuAisEf1GdCxqWcdBw=="],

    "zustand": ["zustand@5.0.13", "", { "peerDependencies": { "@types/react": ">=18.0.0", "immer": ">=9.0.6", "react": ">=18.0.0", "use-sync-external-store": ">=1.2.0" }, "optionalPeers": ["@types/react", "immer", "react", "use-sync-external-store"] }, "sha512-efI2tVaVQPqtOh114loML/Z80Y4NP3yc+Ff0fYiZJPauNeWZeIp/bRFD7I9bfmCOYBh/PHxlglQ9+wvlwnPikQ=="],
  }
}
